<?xml version="1.0" encoding="utf-8"?>
<Project ToolsVersion="4.0" xmlns="http://schemas.microsoft.com/developer/msbuild/2003">
  <ItemGroup>
    <Filter Include="Core">
      <UniqueIdentifier>{4FC737F1-C7A5-4376-A066-2A32D752A2FF}</UniqueIdentifier>
      <Extensions>cpp;c;cc;cxx;def;odl;idl;hpj;bat;asm;asmx</Extensions>
    </Filter>
    <Filter Include="Modules">
      <UniqueIdentifier>{93995380-89BD-4b04-88EB-625FBE52EBFB}</UniqueIdentifier>
      <Extensions>h;hh;hpp;hxx;hm;inl;inc;xsd</Extensions>
    </Filter>
    <Filter Include="Containers">
      <UniqueIdentifier>{78a7f487-1d77-4fdc-9f51-f067eccd6239}</UniqueIdentifier>
    </Filter>
    <Filter Include="Modules\Enemies">
      <UniqueIdentifier>{76d291b1-94f4-4f57-a65f-016dcd36012c}</UniqueIdentifier>
    </Filter>
    <Filter Include="Modules\SecretRooms">
      <UniqueIdentifier>{33d2b11d-1771-4fb3-82df-bc20dddc6f94}</UniqueIdentifier>
    </Filter>
  </ItemGroup>
  <ItemGroup>
    <ClInclude Include="Module.h">
      <Filter>Modules</Filter>
    </ClInclude>
    <ClInclude Include="ModuleWindow.h">
      <Filter>Modules</Filter>
    </ClInclude>
    <ClInclude Include="MemLeaks.h">
      <Filter>Core</Filter>
    </ClInclude>
    <ClInclude Include="Globals.h">
      <Filter>Core</Filter>
    </ClInclude>
    <ClInclude Include="Application.h">
      <Filter>Core</Filter>
    </ClInclude>
    <ClInclude Include="ModuleInput.h">
      <Filter>Modules</Filter>
    </ClInclude>
    <ClInclude Include="ModuleRender.h">
      <Filter>Modules</Filter>
    </ClInclude>
    <ClInclude Include="ModuleTextures.h">
      <Filter>Modules</Filter>
    </ClInclude>
    <ClInclude Include="ModulePlayer.h">
      <Filter>Modules</Filter>
    </ClInclude>
    <ClInclude Include="p2Point.h">
      <Filter>Containers</Filter>
    </ClInclude>
    <ClInclude Include="Animation.h">
      <Filter>Containers</Filter>
    </ClInclude>
    <ClInclude Include="ModuleFadeToBlack.h">
      <Filter>Modules</Filter>
    </ClInclude>
    <ClInclude Include="ModuleScene1.h">
      <Filter>Modules</Filter>
    </ClInclude>
    <ClInclude Include="ModuleMenu.h">
      <Filter>Modules</Filter>
    </ClInclude>
    <ClInclude Include="ModuleAudio.h">
      <Filter>Modules</Filter>
    </ClInclude>
    <ClInclude Include="ModuleParticles.h">
      <Filter>Modules</Filter>
    </ClInclude>
    <ClInclude Include="ModuleCollision.h">
      <Filter>Modules</Filter>
    </ClInclude>
    <ClInclude Include="Crazy_Green.h">
      <Filter>Modules\Enemies</Filter>
    </ClInclude>
    <ClInclude Include="Enemy.h">
      <Filter>Modules\Enemies</Filter>
    </ClInclude>
    <ClInclude Include="Prisoner.h">
      <Filter>Modules\Enemies</Filter>
    </ClInclude>
    <ClInclude Include="Soldier.h">
      <Filter>Modules\Enemies</Filter>
    </ClInclude>
    <ClInclude Include="Soldier_Grenade.h">
      <Filter>Modules\Enemies</Filter>
    </ClInclude>
    <ClInclude Include="Soldier_Knife.h">
      <Filter>Modules\Enemies</Filter>
    </ClInclude>
    <ClInclude Include="Soldier_Rifle.h">
      <Filter>Modules\Enemies</Filter>
    </ClInclude>
    <ClInclude Include="Soldier_Shield.h">
      <Filter>Modules\Enemies</Filter>
    </ClInclude>
    <ClInclude Include="ModuleEnemies.h">
      <Filter>Modules</Filter>
    </ClInclude>
    <ClInclude Include="ModuleParticlesEnemies.h">
      <Filter>Modules</Filter>
    </ClInclude>
    <ClInclude Include="Path.h">
      <Filter>Containers</Filter>
    </ClInclude>
    <ClInclude Include="ModuleCinematic.h">
      <Filter>Modules</Filter>
    </ClInclude>
    <ClInclude Include="ModuleUI.h">
      <Filter>Modules</Filter>
    </ClInclude>
    <ClInclude Include="ModuleFonts.h">
      <Filter>Modules</Filter>
    </ClInclude>
    <ClInclude Include="ModuleParticlesGrenade.h">
      <Filter>Modules</Filter>
    </ClInclude>
    <ClInclude Include="ModuleParticlesGrenade1.h">
      <Filter>Modules</Filter>
    </ClInclude>
    <ClInclude Include="PrisonerPoints.h">
      <Filter>Modules\Enemies</Filter>
    </ClInclude>
    <ClInclude Include="SoldierPrisoner.h">
      <Filter>Modules\Enemies</Filter>
    </ClInclude>
    <ClInclude Include="ModuleSaveData.h">
      <Filter>Modules</Filter>
    </ClInclude>
    <ClInclude Include="ModuleEnding.h">
      <Filter>Modules</Filter>
    </ClInclude>
    <ClInclude Include="ModuleSecretRoomB.h">
      <Filter>Modules\SecretRooms</Filter>
    </ClInclude>
    <ClInclude Include="ModuleSecretRoom1A.h">
      <Filter>Modules\SecretRooms</Filter>
    </ClInclude>
    <ClInclude Include="ModuleSecretRoomE.h">
      <Filter>Modules\SecretRooms</Filter>
    </ClInclude>
    <ClInclude Include="ModuleSecretRoomC.h">
      <Filter>Modules\SecretRooms</Filter>
    </ClInclude>
    <ClInclude Include="ModuleSecretRoomD.h">
      <Filter>Modules\SecretRooms</Filter>
    </ClInclude>
    <ClInclude Include="GrenadesB.h">
      <Filter>Modules\Enemies</Filter>
    </ClInclude>
    <ClInclude Include="ItemsEnemies.h">
      <Filter>Modules\Enemies</Filter>
    </ClInclude>
    <ClInclude Include="ItemsEnemies2.h">
      <Filter>Modules\Enemies</Filter>
    </ClInclude>
    <ClInclude Include="ModulePlayer2.h">
      <Filter>Modules</Filter>
    </ClInclude>
    <ClInclude Include="ModuleEndinglvl1.h">
      <Filter>Modules</Filter>
    </ClInclude>
    <ClInclude Include="SoldierPath1.h">
      <Filter>Modules\Enemies</Filter>
    </ClInclude>
    <ClInclude Include="SoldierPath2.h">
      <Filter>Modules\Enemies</Filter>
    </ClInclude>
    <ClInclude Include="SoldierPath3.h">
      <Filter>Modules\Enemies</Filter>
    </ClInclude>
    <ClInclude Include="ModuleCinematicRadio.h">
      <Filter>Modules</Filter>
    </ClInclude>
    <ClInclude Include="ModuleTEX.h">
      <Filter>Modules</Filter>
    </ClInclude>
  </ItemGroup>
  <ItemGroup>
    <ClCompile Include="Main.cpp">
      <Filter>Core</Filter>
    </ClCompile>
    <ClCompile Include="Application.cpp">
      <Filter>Core</Filter>
    </ClCompile>
    <ClCompile Include="ModuleWindow.cpp">
      <Filter>Modules</Filter>
    </ClCompile>
    <ClCompile Include="ModuleInput.cpp">
      <Filter>Modules</Filter>
    </ClCompile>
    <ClCompile Include="ModuleRender.cpp">
      <Filter>Modules</Filter>
    </ClCompile>
    <ClCompile Include="ModuleTextures.cpp">
      <Filter>Modules</Filter>
    </ClCompile>
    <ClCompile Include="Globals.cpp">
      <Filter>Core</Filter>
    </ClCompile>
    <ClCompile Include="ModulePlayer.cpp">
      <Filter>Modules</Filter>
    </ClCompile>
    <ClCompile Include="ModuleFadeToBlack.cpp">
      <Filter>Modules</Filter>
    </ClCompile>
    <ClCompile Include="ModuleScene1.cpp">
      <Filter>Modules</Filter>
    </ClCompile>
    <ClCompile Include="ModuleMenu.cpp">
      <Filter>Modules</Filter>
    </ClCompile>
    <ClCompile Include="ModuleAudio.cpp">
      <Filter>Modules</Filter>
    </ClCompile>
    <ClCompile Include="ModuleParticles.cpp">
      <Filter>Modules</Filter>
    </ClCompile>
    <ClCompile Include="ModuleCollision.cpp">
      <Filter>Modules</Filter>
    </ClCompile>
    <ClCompile Include="Crazy_Green.cpp">
      <Filter>Modules\Enemies</Filter>
    </ClCompile>
    <ClCompile Include="Enemy.cpp">
      <Filter>Modules\Enemies</Filter>
    </ClCompile>
    <ClCompile Include="Prisoner.cpp">
      <Filter>Modules\Enemies</Filter>
    </ClCompile>
    <ClCompile Include="Soldier.cpp">
      <Filter>Modules\Enemies</Filter>
    </ClCompile>
    <ClCompile Include="Soldier_Grenade.cpp">
      <Filter>Modules\Enemies</Filter>
    </ClCompile>
    <ClCompile Include="Soldier_Knife.cpp">
      <Filter>Modules\Enemies</Filter>
    </ClCompile>
    <ClCompile Include="Soldier_Rifle.cpp">
      <Filter>Modules\Enemies</Filter>
    </ClCompile>
    <ClCompile Include="Soldier_Shield.cpp">
      <Filter>Modules\Enemies</Filter>
    </ClCompile>
    <ClCompile Include="ModuleEnemies.cpp">
      <Filter>Modules</Filter>
    </ClCompile>
    <ClCompile Include="ModuleParticlesEnemies.cpp">
      <Filter>Modules</Filter>
    </ClCompile>
    <ClCompile Include="ModuleCinematic.cpp">
      <Filter>Modules</Filter>
    </ClCompile>
    <ClCompile Include="ModuleUI.cpp">
      <Filter>Modules</Filter>
    </ClCompile>
    <ClCompile Include="ModuleFonts.cpp">
      <Filter>Modules</Filter>
    </ClCompile>
    <ClCompile Include="ModuleParticlesGrenade.cpp">
      <Filter>Modules</Filter>
    </ClCompile>
    <ClCompile Include="ModuleParticlesGrenade1.cpp">
      <Filter>Modules</Filter>
    </ClCompile>
    <ClCompile Include="PrisonerPoints.cpp">
      <Filter>Modules\Enemies</Filter>
    </ClCompile>
    <ClCompile Include="SoldierPrisoner.cpp">
      <Filter>Modules\Enemies</Filter>
    </ClCompile>
    <ClCompile Include="ModuleSaveData.cpp">
      <Filter>Modules</Filter>
    </ClCompile>
    <ClCompile Include="ModuleEnding.cpp">
      <Filter>Modules</Filter>
    </ClCompile>
    <ClCompile Include="ModuleSecretRoomB.cpp">
      <Filter>Modules\SecretRooms</Filter>
    </ClCompile>
    <ClCompile Include="ModuleSecretRoom1A.cpp">
      <Filter>Modules\SecretRooms</Filter>
    </ClCompile>
    <ClCompile Include="ModuleSecretRoomE.cpp">
      <Filter>Modules\SecretRooms</Filter>
    </ClCompile>
    <ClCompile Include="ModuleSecretRoomC.cpp">
      <Filter>Modules\SecretRooms</Filter>
    </ClCompile>
    <ClCompile Include="ModuleSecretRoomD.cpp">
      <Filter>Modules\SecretRooms</Filter>
    </ClCompile>
    <ClCompile Include="GrenadesB.cpp">
      <Filter>Modules\Enemies</Filter>
    </ClCompile>
    <ClCompile Include="ItemsEnemies.cpp">
      <Filter>Modules\Enemies</Filter>
    </ClCompile>
    <ClCompile Include="ItemsEnemies2.cpp">
      <Filter>Modules\Enemies</Filter>
    </ClCompile>
    <ClCompile Include="ModulePlayer2.cpp">
      <Filter>Modules</Filter>
    </ClCompile>
    <ClCompile Include="ModuleEndinglvl1.cpp">
      <Filter>Modules</Filter>
    </ClCompile>
    <ClCompile Include="SoldierPath1.cpp">
      <Filter>Modules\Enemies</Filter>
    </ClCompile>
    <ClCompile Include="SoldierPath2.cpp">
      <Filter>Modules\Enemies</Filter>
    </ClCompile>
    <ClCompile Include="SoldierPath3.cpp">
      <Filter>Modules\Enemies</Filter>
    </ClCompile>
    <ClCompile Include="ModuleCinematicRadio.cpp">
      <Filter>Modules</Filter>
    </ClCompile>
    <ClCompile Include="ModuleTEX.cpp">
      <Filter>Modules</Filter>
    </ClCompile>
  </ItemGroup>
</Project>